
Microsoft Visual Studio Solution File, Format Version 12.00
# Visual Studio Version 16
VisualStudioVersion = 16.0.30225.117
MinimumVisualStudioVersion = 10.0.40219.1
Project("{FAE04EC0-301F-11D3-BF4B-00C04F79EFBC}") = "Trivio_Learn", "Trivio_Learn\Trivio_Learn.csproj", "{D8C45041-7FC4-410B-992E-8180F1EDC346}"
EndProject
Global
	GlobalSection(SolutionConfigurationPlatforms) = preSolution
		Debug|Any CPU = Debug|Any CPU
		Release|Any CPU = Release|Any CPU
	EndGlobalSection
	GlobalSection(ProjectConfigurationPlatforms) = postSolution
		{D8C45041-7FC4-410B-992E-8180F1EDC346}.Debug|Any CPU.ActiveCfg = Debug|Any CPU
		{D8C45041-7FC4-410B-992E-8180F1EDC346}.Debug|Any CPU.Build.0 = Debug|Any CPU
		{D8C45041-7FC4-410B-992E-8180F1EDC346}.Release|Any CPU.ActiveCfg = Release|Any CPU
		{D8C45041-7FC4-410B-992E-8180F1EDC346}.Release|Any CPU.Build.0 = Release|Any CPU
	EndGlobalSection
	GlobalSection(SolutionProperties) = preSolution
		HideSolutionNode = FALSE
	EndGlobalSection
	GlobalSection(ExtensibilityGlobals) = postSolution
		SolutionGuid = {A5C9316E-1823-4653-BBB8-4CBAD9254CCE}
	EndGlobalSection
EndGlobal
